github.com/E-Bor/DSAS_Proto v0.0.4 h1:TPxCh5mJ6pqHSMvpUqbdBoli4LDPJX3y4VOiqIXX/VI=
github.com/E-Bor/DSAS_Proto v0.0.4/go.mod h1:Wa3fmwuuZZrjwcIA0HXXEabZVFwIOMushUZopY0Kig4=
github.com/E-Bor/DSAS_Proto v0.0.8 h1:8c1bzctDHjIOCTDsRKMdA0++DwH4rUUZk87JJbaR3G8=
github.com/E-Bor/DSAS_Proto v0.0.8/go.mod h1:UngBEUL14WP7jKyItqU8LfrD90HzSLThoNOe3VYAoTE=
github.com/creack/pty v1.1.9/go.mod h1:oKZEueFk5CKHvIhNR5MUki03XCEU+Q6VDXinZuGJ33E=
github.com/google/go-cmp v0.6.0 h1:ofyhxvXcZhMsU5ulbFiLKl/XBFqE1GSq7atu8tAmTRI=
github.com/google/go-cmp v0.6.0/go.mod h1:17dUlkBOakJ0+DkrSSNjCkIjxS6bF9zb3elmeNGIjoY=
github.com/kr/pty v1.1.1/go.mod h1:pFQYn66WHrOpPYNljwOMqo10TkYh1fy3cYio2l3bCsQ=
github.com/kr/text v0.1.0/go.mod h1:4Jbv+DJW3UT/LiOwJeYQe1efqtUx/iVham/4vfdArNI=
github.com/kr/text v0.2.0 h1:5Nx0Ya0ZqY2ygV366QzturHI13Jq95ApcVaJBhpS+AY=
github.com/kr/text v0.2.0/go.mod h1:eLer722TekiGuMkidMxC/pM04lWEeraHUUmBw8l2grE=
github.com/niemeyer/pretty v0.0.0-20200227124842-a10e7caefd8e h1:fD57ERR4JtEqsWbfPhv4DMiApHyliiK5xCTNVSPiaAs=
github.com/niemeyer/pretty v0.0.0-20200227124842-a10e7caefd8e/go.mod h1:zD1mROLANZcx1PVRCS0qkT7pwLkGfwJo4zjcN/Tysno=
golang.org/x/net v0.28.0 h1:a9JDOJc5GMUJ0+UDqmLT86WiEy7iWyIhz8gz8E4e5hE=
golang.org/x/net v0.28.0/go.mod h1:yqtgsTWOOnlGLG9GFRrK3++bGOUEkNBoHZc8MEDWPNg=
golang.org/x/sys v0.24.0 h1:Twjiwq9dn6R1fQcyiK+wQyHWfaz/BJB+YIpzU/Cv3Xg=
golang.org/x/sys v0.24.0/go.mod h1:/VUhepiaJMQUp4+oa/7Zr1D23ma6VTLIYjOOTFZPUcA=
golang.org/x/text v0.17.0 h1:XtiM5bkSOt+ewxlOE/aE/AKEHibwj/6gvWMl9Rsh0Qc=
golang.org/x/text v0.17.0/go.mod h1:BuEKDfySbSR4drPmRPG/7iBdf8hvFMuRexcpahXilzY=
google.golang.org/genproto/googleapis/rpc v0.0.0-20240814211410-ddb44dafa142 h1:e7S5W7MGGLaSu8j3YjdezkZ+m1/Nm0uRVRMEMGk26Xs=
google.golang.org/genproto/googleapis/rpc v0.0.0-20240814211410-ddb44dafa142/go.mod h1:UqMtugtsSgubUsoxbuAoiCXvqvErP7Gf0so0mK9tHxU=
google.golang.org/grpc v1.67.1 h1:zWnc1Vrcno+lHZCOofnIMvycFcc0QRGIzm9dhnDX68E=
google.golang.org/grpc v1.67.1/go.mod h1:1gLDyUQU7CTLJI90u3nXZ9ekeghjeM7pTDZlqFNg2AA=
google.golang.org/protobuf v1.35.1 h1:m3LfL6/Ca+fqnjnlqQXNpFPABW1UD7mjh8KO2mKFytA=
google.golang.org/protobuf v1.35.1/go.mod h1:9fA7Ob0pmnwhb644+1+CVWFRbNajQ6iRojtC/QF5bRE=
gopkg.in/check.v1 v0.0.0-20161208181325-20d25e280405/go.mod h1:Co6ibVJAznAaIkqp8huTwlJQCZ016jof/cbN4VW5Yz0=
gopkg.in/check.v1 v1.0.0-20200227125254-8fa46927fb4f h1:BLraFXnmrev5lT+xlilqcH8XK9/i0At2xKjWk4p6zsU=
gopkg.in/check.v1 v1.0.0-20200227125254-8fa46927fb4f/go.mod h1:Co6ibVJAznAaIkqp8huTwlJQCZ016jof/cbN4VW5Yz0=
gopkg.in/yaml.v3 v3.0.1 h1:fxVm/GzAzEWqLHuvctI91KS9hhNmmWOoWu0XTYJS7CA=
gopkg.in/yaml.v3 v3.0.1/go.mod h1:K4uyk7z7BCEPqu6E+C64Yfv1cQ7kz7rIZviUmN+EgEM=
